{
  "version": 4,
  "terraform_version": "1.9.0",
  "serial": 35,
  "lineage": "44307bc5-eb03-b749-f416-c79f54f0cfa4",
  "outputs": {
    "public_ip": {
      "value": "13.213.58.251",
      "type": "string"
    }
  },
  "resources": [
    {
      "mode": "data",
      "type": "aws_ami",
      "name": "ubuntu",
      "provider": "provider[\"registry.terraform.io/hashicorp/aws\"]",
      "instances": [
        {
          "schema_version": 0,
          "attributes": {
            "architecture": "x86_64",
            "arn": "arn:aws:ec2:ap-southeast-1::image/ami-0b571a36bf02461b4",
            "block_device_mappings": [
              {
                "device_name": "/dev/sda1",
                "ebs": {
                  "delete_on_termination": "true",
                  "encrypted": "false",
                  "iops": "0",
                  "snapshot_id": "snap-08c056fd3a5a307d8",
                  "throughput": "0",
                  "volume_initialization_rate": "0",
                  "volume_size": "8",
                  "volume_type": "gp2"
                },
                "no_device": "",
                "virtual_name": ""
              },
              {
                "device_name": "/dev/sdb",
                "ebs": {},
                "no_device": "",
                "virtual_name": "ephemeral0"
              },
              {
                "device_name": "/dev/sdc",
                "ebs": {},
                "no_device": "",
                "virtual_name": "ephemeral1"
              }
            ],
            "boot_mode": "uefi-preferred",
            "creation_date": "2025-11-22T06:49:25.000Z",
            "deprecation_time": "2027-11-22T06:49:25.000Z",
            "description": "Canonical, Ubuntu, 22.04, amd64 jammy image",
            "ena_support": true,
            "executable_users": null,
            "filter": [
              {
                "name": "architecture",
                "values": [
                  "x86_64"
                ]
              },
              {
                "name": "name",
                "values": [
                  "ubuntu/images/hvm-ssd/ubuntu-jammy-22.04-amd64-server-*"
                ]
              }
            ],
            "hypervisor": "xen",
            "id": "ami-0b571a36bf02461b4",
            "image_id": "ami-0b571a36bf02461b4",
            "image_location": "amazon/ubuntu/images/hvm-ssd/ubuntu-jammy-22.04-amd64-server-20251122",
            "image_owner_alias": "amazon",
            "image_type": "machine",
            "imds_support": "",
            "include_deprecated": false,
            "kernel_id": "",
            "last_launched_time": "",
            "most_recent": true,
            "name": "ubuntu/images/hvm-ssd/ubuntu-jammy-22.04-amd64-server-20251122",
            "name_regex": null,
            "owner_id": "099720109477",
            "owners": [
              "099720109477"
            ],
            "platform": "",
            "platform_details": "Linux/UNIX",
            "product_codes": [],
            "public": true,
            "ramdisk_id": "",
            "root_device_name": "/dev/sda1",
            "root_device_type": "ebs",
            "root_snapshot_id": "snap-08c056fd3a5a307d8",
            "sriov_net_support": "simple",
            "state": "available",
            "state_reason": {
              "code": "UNSET",
              "message": "UNSET"
            },
            "tags": {},
            "timeouts": null,
            "tpm_support": "",
            "uefi_data": null,
            "usage_operation": "RunInstances",
            "virtualization_type": "hvm"
          },
          "sensitive_attributes": []
        }
      ]
    },
    {
      "mode": "managed",
      "type": "aws_instance",
      "name": "url_shortener",
      "provider": "provider[\"registry.terraform.io/hashicorp/aws\"]",
      "instances": [
        {
          "schema_version": 1,
          "attributes": {
            "ami": "ami-0b571a36bf02461b4",
            "arn": "arn:aws:ec2:ap-southeast-1:195275679186:instance/i-0091be73857c38c13",
            "associate_public_ip_address": true,
            "availability_zone": "ap-southeast-1b",
            "capacity_reservation_specification": [
              {
                "capacity_reservation_preference": "open",
                "capacity_reservation_target": []
              }
            ],
            "cpu_core_count": 1,
            "cpu_options": [
              {
                "amd_sev_snp": "",
                "core_count": 1,
                "threads_per_core": 1
              }
            ],
            "cpu_threads_per_core": 1,
            "credit_specification": [
              {
                "cpu_credits": "standard"
              }
            ],
            "disable_api_stop": false,
            "disable_api_termination": false,
            "ebs_block_device": [],
            "ebs_optimized": false,
            "enable_primary_ipv6": null,
            "enclave_options": [
              {
                "enabled": false
              }
            ],
            "ephemeral_block_device": [],
            "get_password_data": false,
            "hibernation": false,
            "host_id": "",
            "host_resource_group_arn": null,
            "iam_instance_profile": "",
            "id": "i-0091be73857c38c13",
            "instance_initiated_shutdown_behavior": "stop",
            "instance_lifecycle": "",
            "instance_market_options": [],
            "instance_state": "running",
            "instance_type": "t2.nano",
            "ipv6_address_count": 0,
            "ipv6_addresses": [],
            "key_name": "url-key",
            "launch_template": [],
            "maintenance_options": [
              {
                "auto_recovery": "default"
              }
            ],
            "metadata_options": [
              {
                "http_endpoint": "enabled",
                "http_protocol_ipv6": "disabled",
                "http_put_response_hop_limit": 1,
                "http_tokens": "optional",
                "instance_metadata_tags": "disabled"
              }
            ],
            "monitoring": false,
            "network_interface": [],
            "outpost_arn": "",
            "password_data": "",
            "placement_group": "",
            "placement_partition_number": 0,
            "primary_network_interface_id": "eni-00d344423dff8da47",
            "private_dns": "ip-172-31-18-114.ap-southeast-1.compute.internal",
            "private_dns_name_options": [
              {
                "enable_resource_name_dns_a_record": false,
                "enable_resource_name_dns_aaaa_record": false,
                "hostname_type": "ip-name"
              }
            ],
            "private_ip": "172.31.18.114",
            "public_dns": "ec2-13-213-58-251.ap-southeast-1.compute.amazonaws.com",
            "public_ip": "13.213.58.251",
            "root_block_device": [
              {
                "delete_on_termination": true,
                "device_name": "/dev/sda1",
                "encrypted": false,
                "iops": 100,
                "kms_key_id": "",
                "tags": {},
                "tags_all": {},
                "throughput": 0,
                "volume_id": "vol-0e33509ff7f528077",
                "volume_size": 8,
                "volume_type": "gp2"
              }
            ],
            "secondary_private_ips": [],
            "security_groups": [
              "url_sg"
            ],
            "source_dest_check": true,
            "spot_instance_request_id": "",
            "subnet_id": "subnet-0352f040ae073b8e0",
            "tags": {
              "Name": "url-shortener-server"
            },
            "tags_all": {
              "Name": "url-shortener-server"
            },
            "tenancy": "default",
            "timeouts": null,
            "user_data": "d8167d7b87c7fa1adfeee86a7e8d8887be8e638f",
            "user_data_base64": null,
            "user_data_replace_on_change": false,
            "volume_tags": null,
            "vpc_security_group_ids": [
              "sg-0ac4a3b590c2d85a4"
            ]
          },
          "sensitive_attributes": [],
          "private": "eyJlMmJmYjczMC1lY2FhLTExZTYtOGY4OC0zNDM2M2JjN2M0YzAiOnsiY3JlYXRlIjo2MDAwMDAwMDAwMDAsImRlbGV0ZSI6MTIwMDAwMDAwMDAwMCwicmVhZCI6OTAwMDAwMDAwMDAwLCJ1cGRhdGUiOjYwMDAwMDAwMDAwMH0sInNjaGVtYV92ZXJzaW9uIjoiMSJ9",
          "dependencies": [
            "aws_key_pair.generated",
            "aws_security_group.url_sg",
            "data.aws_ami.ubuntu",
            "tls_private_key.ssh_key"
          ]
        }
      ]
    },
    {
      "mode": "managed",
      "type": "aws_key_pair",
      "name": "generated",
      "provider": "provider[\"registry.terraform.io/hashicorp/aws\"]",
      "instances": [
        {
          "schema_version": 1,
          "attributes": {
            "arn": "arn:aws:ec2:ap-southeast-1:195275679186:key-pair/url-key",
            "fingerprint": "da:62:6b:3e:34:f2:45:65:dc:75:d8:5e:72:a6:bb:1f",
            "id": "url-key",
            "key_name": "url-key",
            "key_name_prefix": "",
            "key_pair_id": "key-0d5bcb243b1521eda",
            "key_type": "rsa",
            "public_key": "ssh-rsa AAAAB3NzaC1yc2EAAAADAQABAAABAQC9Q08fbCC0HGvErfa4sqh8jVjK1YBslbge1smHTSrMahXAyjgOqrtGTuO73EXFvqeXdaa1HsEYEIBgBXbx6lfXT1+HaDuC+ySe38CDJSKxWjCO3bH3lPpui0B3wIqok6+H7ezWXx+cPFCL7UQ4/zUncNkeVa3NknT2LsbGCK497bsKcIgZIwwXmNpBwBBdoO9+TFUJUsr39gaz0JIwyJhat3VdAcB6mJ51FaOPsg0fp8JBvORwsKhxCEY5WTSR1AIGPL7159jZOibCjoj/8KBC3A2u2Q1LUUL0KxjdYlRiD5eX1wj6TMdJYDef/7u0d8bRFQcR7Rx4qLfLYIjrP2bD",
            "tags": null,
            "tags_all": {}
          },
          "sensitive_attributes": [],
          "private": "eyJzY2hlbWFfdmVyc2lvbiI6IjEifQ==",
          "dependencies": [
            "tls_private_key.ssh_key"
          ]
        }
      ]
    },
    {
      "mode": "managed",
      "type": "aws_security_group",
      "name": "url_sg",
      "provider": "provider[\"registry.terraform.io/hashicorp/aws\"]",
      "instances": [
        {
          "schema_version": 1,
          "attributes": {
            "arn": "arn:aws:ec2:ap-southeast-1:195275679186:security-group/sg-0ac4a3b590c2d85a4",
            "description": "Allow SSH and HTTP",
            "egress": [
              {
                "cidr_blocks": [
                  "0.0.0.0/0"
                ],
                "description": "",
                "from_port": 0,
                "ipv6_cidr_blocks": [],
                "prefix_list_ids": [],
                "protocol": "-1",
                "security_groups": [],
                "self": false,
                "to_port": 0
              }
            ],
            "id": "sg-0ac4a3b590c2d85a4",
            "ingress": [
              {
                "cidr_blocks": [
                  "0.0.0.0/0"
                ],
                "description": "HTTP",
                "from_port": 80,
                "ipv6_cidr_blocks": [],
                "prefix_list_ids": [],
                "protocol": "tcp",
                "security_groups": [],
                "self": false,
                "to_port": 80
              },
              {
                "cidr_blocks": [
                  "0.0.0.0/0"
                ],
                "description": "SSH",
                "from_port": 22,
                "ipv6_cidr_blocks": [],
                "prefix_list_ids": [],
                "protocol": "tcp",
                "security_groups": [],
                "self": false,
                "to_port": 22
              }
            ],
            "name": "url_sg",
            "name_prefix": "",
            "owner_id": "195275679186",
            "revoke_rules_on_delete": false,
            "tags": null,
            "tags_all": {},
            "timeouts": null,
            "vpc_id": "vpc-0066c616a2a2d71f4"
          },
          "sensitive_attributes": [],
          "private": "eyJlMmJmYjczMC1lY2FhLTExZTYtOGY4OC0zNDM2M2JjN2M0YzAiOnsiY3JlYXRlIjo2MDAwMDAwMDAwMDAsImRlbGV0ZSI6OTAwMDAwMDAwMDAwfSwic2NoZW1hX3ZlcnNpb24iOiIxIn0="
        }
      ]
    },
    {
      "mode": "managed",
      "type": "local_file",
      "name": "private_key",
      "provider": "provider[\"registry.terraform.io/hashicorp/local\"]",
      "instances": [
        {
          "schema_version": 0,
          "attributes": {
            "content": "-----BEGIN RSA PRIVATE KEY-----\nMIIEpQIBAAKCAQEAvUNPH2wgtBxrxK32uLKofI1YytWAbJW4HtbJh00qzGoVwMo4\nDqq7Rk7ju9xFxb6nl3WmtR7BGBCAYAV28epX109fh2g7gvsknt/AgyUisVowjt2x\n95T6botAd8CKqJOvh+3s1l8fnDxQi+1EOP81J3DZHlWtzZJ09i7GxgiuPe27CnCI\nGSMMF5jaQcAQXaDvfkxVCVLK9/YGs9CSMMiYWrd1XQHAepiedRWjj7INH6fCQbzk\ncLCocQhGOVk0kdQCBjy+9efY2Tomwo6I//CgQtwNrtkNS1FC9CsY3WJUYg+Xl9cI\n+kzHSWA3n/+7tHfG0RUHEe0ceKi3y2CI6z9mwwIDAQABAoIBACydxPXB3jXHa2pa\nnkptJ4XxJkjuqs8uPlDaznhcayX0LjucEDn46pwI9euv4izbJJPycsHIxblgDntU\nXnVqCpohxoHbwwe+H6RqV+4yn2qSuda8EXutfZn4rtJsK+PQqPUQ1B+3HfMNTuml\nncsX8pZhJnXdudK332W3ojlGC5liXUj8Uiknmj5aIsHoSGFgAZhqICIj3vIw4yC6\nlDsWK4Mrkp3qBTPhYJaFDxxmef2giYXOecX/27gD27UahXF7zkmBobdUot8r576U\nf0p5NGfj4JcpCiE/kM8s6JYH/JfQ2ediYQS/xKVorkP/cy7DNQjLgB4ZfQdX1YRc\nLoAX8iUCgYEA3K+Y87Li4XLiNZOKHNd+LAWSzzmqGNH8H3h1gIipDFmN6tSgb7b9\nEMjNfisVEeguWQoToQkZzYRcmdVkn2ixB3bMBM8oEp5BCeJ4Kxp8ksLNnz2PgzrM\nk34QVTO+0q5rzVCriTJReHrc6E7uc6cZkaLuMvggOlFIewLt30apbwUCgYEA24x3\nxNNznlQTtSApqwTQ8vib89lRvAgJaFgidTUNv7sV+bGN+nGXr0/gSmtsDTOrw93o\nwBhdiRhXATSJRhinTZ8CYhC0fJqvjze5A0y35qzEIZ9zDyjB1ALSmNzwRiCMPYks\nGwZDlIOky45yq1hZfzUNc+0ZxmB2VgQdFJC4GScCgYEA1tHr7pWcut7tCkAjem3e\nORX30daNGHoXlb7ZipP9ErN+LTBrODQFZbhCKGXhrbu4mh3v+5rzThZhWbHasD3l\nzaE7ehb5KB56qxeT6ElxKB+Or0rqj1DGYXCej4G+aDE3aPX09KlRmxjmPxDOly/6\n+MSEYIMeRAZpqqywRt7vAc0CgYEAqTp5B0pGEICWQELuW1h3BxICg8+7ZMh9F+T3\nioi+dE9s/O6TlbwBQ6y6IiLzQqnVeECQq6EcWBRe3Br2xQUz0G0ElTpzJKjHMgmt\nnpGAH1qEQ7Z4JfMwlI8obZO/0Q49iyE00g/d/5gJaq3+TXzoX1kxaW4VNAgerua0\n06lJfnkCgYEAjJl1v4YuktbPPqcOwdBGmn2s9ENuwPzMdn+5SeuPGPmAuB+cpT00\n4cLQnBR7+vjEOMgWAW5OXTZUdwzudSjPFGFjv74ZO3VB6tJ5UuPYSEjTdwpEHlov\nCZpTZY88VZL1rTERi33PKgQQbPo3KtJBBU2YOuqLk0vt/sD2xLVgHTk=\n-----END RSA PRIVATE KEY-----\n",
            "content_base64": null,
            "content_base64sha256": "gFtKR0x+Qzly7nnrqbD1rwEbthe0h8VY0Mx5HVNuiGM=",
            "content_base64sha512": "TuvqvJtwLa2NP7Ad0LAMq4UzzOV8ftvtaF0t4125CSfB/lGk8w3X6jMmmu+RPm1JQgisKy2OmJxR1ZGy/TzuCA==",
            "content_md5": "44de55443782de9e2459c4190b521097",
            "content_sha1": "910f06c020cdbc95d6e9e4762413f36dfe292fb8",
            "content_sha256": "805b4a474c7e433972ee79eba9b0f5af011bb617b487c558d0cc791d536e8863",
            "content_sha512": "4eebeabc9b702dad8d3fb01dd0b00cab8533cce57c7edbed685d2de35db90927c1fe51a4f30dd7ea33269aef913e6d494208ac2b2d8e989c51d591b2fd3cee08",
            "directory_permission": "0777",
            "file_permission": "0600",
            "filename": "url-key.pem",
            "id": "910f06c020cdbc95d6e9e4762413f36dfe292fb8",
            "sensitive_content": null,
            "source": null
          },
          "sensitive_attributes": [
            [
              {
                "type": "get_attr",
                "value": "sensitive_content"
              }
            ],
            [
              {
                "type": "get_attr",
                "value": "content"
              }
            ]
          ],
          "dependencies": [
            "tls_private_key.ssh_key"
          ]
        }
      ]
    },
    {
      "mode": "managed",
      "type": "tls_private_key",
      "name": "ssh_key",
      "provider": "provider[\"registry.terraform.io/hashicorp/tls\"]",
      "instances": [
        {
          "schema_version": 1,
          "attributes": {
            "algorithm": "RSA",
            "ecdsa_curve": "P224",
            "id": "23219593aad861d63a65ca45d5a16f4ac95334f2",
            "private_key_openssh": "-----BEGIN OPENSSH PRIVATE KEY-----\nb3BlbnNzaC1rZXktdjEAAAAABG5vbmUAAAAEbm9uZQAAAAAAAAABAAABFwAAAAdz\nc2gtcnNhAAAAAwEAAQAAAQEAvUNPH2wgtBxrxK32uLKofI1YytWAbJW4HtbJh00q\nzGoVwMo4Dqq7Rk7ju9xFxb6nl3WmtR7BGBCAYAV28epX109fh2g7gvsknt/AgyUi\nsVowjt2x95T6botAd8CKqJOvh+3s1l8fnDxQi+1EOP81J3DZHlWtzZJ09i7Gxgiu\nPe27CnCIGSMMF5jaQcAQXaDvfkxVCVLK9/YGs9CSMMiYWrd1XQHAepiedRWjj7IN\nH6fCQbzkcLCocQhGOVk0kdQCBjy+9efY2Tomwo6I//CgQtwNrtkNS1FC9CsY3WJU\nYg+Xl9cI+kzHSWA3n/+7tHfG0RUHEe0ceKi3y2CI6z9mwwAAA7gXim/LF4pvywAA\nAAdzc2gtcnNhAAABAQC9Q08fbCC0HGvErfa4sqh8jVjK1YBslbge1smHTSrMahXA\nyjgOqrtGTuO73EXFvqeXdaa1HsEYEIBgBXbx6lfXT1+HaDuC+ySe38CDJSKxWjCO\n3bH3lPpui0B3wIqok6+H7ezWXx+cPFCL7UQ4/zUncNkeVa3NknT2LsbGCK497bsK\ncIgZIwwXmNpBwBBdoO9+TFUJUsr39gaz0JIwyJhat3VdAcB6mJ51FaOPsg0fp8JB\nvORwsKhxCEY5WTSR1AIGPL7159jZOibCjoj/8KBC3A2u2Q1LUUL0KxjdYlRiD5eX\n1wj6TMdJYDef/7u0d8bRFQcR7Rx4qLfLYIjrP2bDAAAAAwEAAQAAAQAsncT1wd41\nx2tqWp5KbSeF8SZI7qrPLj5Q2s54XGsl9C47nBA5+OqcCPXrr+Is2yST8nLByMW5\nYA57VF51agqaIcaB28MHvh+kalfuMp9qkrnWvBF7rX2Z+K7SbCvj0Kj1ENQftx3z\nDU7ppZ3LF/KWYSZ13bnSt99lt6I5RguZYl1I/FIpJ5o+WiLB6EhhYAGYaiAiI97y\nMOMgupQ7FiuDK5Kd6gUz4WCWhQ8cZnn9oImFznnF/9u4A9u1GoVxe85JgaG3VKLf\nK+e+lH9KeTRn4+CXKQohP5DPLOiWB/yX0NnnYmEEv8SlaK5D/3MuwzUIy4AeGX0H\nV9WEXC6AF/IlAAAAgQCMmXW/hi6S1s8+pw7B0Eaafaz0Q27A/Mx2f7lJ648Y+YC4\nH5ylPTThwtCcFHv6+MQ4yBYBbk5dNlR3DO51KM8UYWO/vhk7dUHq0nlS49hISNN3\nCkQeWi8JmlNljzxVkvWtMRGLfc8qBBBs+jcq0kEFTZg66ouTS+3+wPbEtWAdOQAA\nAIEA3K+Y87Li4XLiNZOKHNd+LAWSzzmqGNH8H3h1gIipDFmN6tSgb7b9EMjNfisV\nEeguWQoToQkZzYRcmdVkn2ixB3bMBM8oEp5BCeJ4Kxp8ksLNnz2PgzrMk34QVTO+\n0q5rzVCriTJReHrc6E7uc6cZkaLuMvggOlFIewLt30apbwUAAACBANuMd8TTc55U\nE7UgKasE0PL4m/PZUbwICWhYInU1Db+7Ffmxjfpxl69P4EprbA0zq8Pd6MAYXYkY\nVwE0iUYYp02fAmIQtHyar483uQNMt+asxCGfcw8owdQC0pjc8EYgjD2JLBsGQ5SD\npMuOcqtYWX81DXPtGcZgdlYEHRSQuBknAAAAAAEC\n-----END OPENSSH PRIVATE KEY-----\n",
            "private_key_pem": "-----BEGIN RSA PRIVATE KEY-----\nMIIEpQIBAAKCAQEAvUNPH2wgtBxrxK32uLKofI1YytWAbJW4HtbJh00qzGoVwMo4\nDqq7Rk7ju9xFxb6nl3WmtR7BGBCAYAV28epX109fh2g7gvsknt/AgyUisVowjt2x\n95T6botAd8CKqJOvh+3s1l8fnDxQi+1EOP81J3DZHlWtzZJ09i7GxgiuPe27CnCI\nGSMMF5jaQcAQXaDvfkxVCVLK9/YGs9CSMMiYWrd1XQHAepiedRWjj7INH6fCQbzk\ncLCocQhGOVk0kdQCBjy+9efY2Tomwo6I//CgQtwNrtkNS1FC9CsY3WJUYg+Xl9cI\n+kzHSWA3n/+7tHfG0RUHEe0ceKi3y2CI6z9mwwIDAQABAoIBACydxPXB3jXHa2pa\nnkptJ4XxJkjuqs8uPlDaznhcayX0LjucEDn46pwI9euv4izbJJPycsHIxblgDntU\nXnVqCpohxoHbwwe+H6RqV+4yn2qSuda8EXutfZn4rtJsK+PQqPUQ1B+3HfMNTuml\nncsX8pZhJnXdudK332W3ojlGC5liXUj8Uiknmj5aIsHoSGFgAZhqICIj3vIw4yC6\nlDsWK4Mrkp3qBTPhYJaFDxxmef2giYXOecX/27gD27UahXF7zkmBobdUot8r576U\nf0p5NGfj4JcpCiE/kM8s6JYH/JfQ2ediYQS/xKVorkP/cy7DNQjLgB4ZfQdX1YRc\nLoAX8iUCgYEA3K+Y87Li4XLiNZOKHNd+LAWSzzmqGNH8H3h1gIipDFmN6tSgb7b9\nEMjNfisVEeguWQoToQkZzYRcmdVkn2ixB3bMBM8oEp5BCeJ4Kxp8ksLNnz2PgzrM\nk34QVTO+0q5rzVCriTJReHrc6E7uc6cZkaLuMvggOlFIewLt30apbwUCgYEA24x3\nxNNznlQTtSApqwTQ8vib89lRvAgJaFgidTUNv7sV+bGN+nGXr0/gSmtsDTOrw93o\nwBhdiRhXATSJRhinTZ8CYhC0fJqvjze5A0y35qzEIZ9zDyjB1ALSmNzwRiCMPYks\nGwZDlIOky45yq1hZfzUNc+0ZxmB2VgQdFJC4GScCgYEA1tHr7pWcut7tCkAjem3e\nORX30daNGHoXlb7ZipP9ErN+LTBrODQFZbhCKGXhrbu4mh3v+5rzThZhWbHasD3l\nzaE7ehb5KB56qxeT6ElxKB+Or0rqj1DGYXCej4G+aDE3aPX09KlRmxjmPxDOly/6\n+MSEYIMeRAZpqqywRt7vAc0CgYEAqTp5B0pGEICWQELuW1h3BxICg8+7ZMh9F+T3\nioi+dE9s/O6TlbwBQ6y6IiLzQqnVeECQq6EcWBRe3Br2xQUz0G0ElTpzJKjHMgmt\nnpGAH1qEQ7Z4JfMwlI8obZO/0Q49iyE00g/d/5gJaq3+TXzoX1kxaW4VNAgerua0\n06lJfnkCgYEAjJl1v4YuktbPPqcOwdBGmn2s9ENuwPzMdn+5SeuPGPmAuB+cpT00\n4cLQnBR7+vjEOMgWAW5OXTZUdwzudSjPFGFjv74ZO3VB6tJ5UuPYSEjTdwpEHlov\nCZpTZY88VZL1rTERi33PKgQQbPo3KtJBBU2YOuqLk0vt/sD2xLVgHTk=\n-----END RSA PRIVATE KEY-----\n",
            "private_key_pem_pkcs8": "-----BEGIN PRIVATE KEY-----\nMIIEvwIBADANBgkqhkiG9w0BAQEFAASCBKkwggSlAgEAAoIBAQC9Q08fbCC0HGvE\nrfa4sqh8jVjK1YBslbge1smHTSrMahXAyjgOqrtGTuO73EXFvqeXdaa1HsEYEIBg\nBXbx6lfXT1+HaDuC+ySe38CDJSKxWjCO3bH3lPpui0B3wIqok6+H7ezWXx+cPFCL\n7UQ4/zUncNkeVa3NknT2LsbGCK497bsKcIgZIwwXmNpBwBBdoO9+TFUJUsr39gaz\n0JIwyJhat3VdAcB6mJ51FaOPsg0fp8JBvORwsKhxCEY5WTSR1AIGPL7159jZOibC\njoj/8KBC3A2u2Q1LUUL0KxjdYlRiD5eX1wj6TMdJYDef/7u0d8bRFQcR7Rx4qLfL\nYIjrP2bDAgMBAAECggEALJ3E9cHeNcdralqeSm0nhfEmSO6qzy4+UNrOeFxrJfQu\nO5wQOfjqnAj166/iLNskk/JywcjFuWAOe1RedWoKmiHGgdvDB74fpGpX7jKfapK5\n1rwRe619mfiu0mwr49Co9RDUH7cd8w1O6aWdyxfylmEmdd250rffZbeiOUYLmWJd\nSPxSKSeaPloiwehIYWABmGogIiPe8jDjILqUOxYrgyuSneoFM+FgloUPHGZ5/aCJ\nhc55xf/buAPbtRqFcXvOSYGht1Si3yvnvpR/Snk0Z+PglykKIT+Qzyzolgf8l9DZ\n52JhBL/EpWiuQ/9zLsM1CMuAHhl9B1fVhFwugBfyJQKBgQDcr5jzsuLhcuI1k4oc\n134sBZLPOaoY0fwfeHWAiKkMWY3q1KBvtv0QyM1+KxUR6C5ZChOhCRnNhFyZ1WSf\naLEHdswEzygSnkEJ4ngrGnySws2fPY+DOsyTfhBVM77SrmvNUKuJMlF4etzoTu5z\npxmRou4y+CA6UUh7Au3fRqlvBQKBgQDbjHfE03OeVBO1ICmrBNDy+Jvz2VG8CAlo\nWCJ1NQ2/uxX5sY36cZevT+BKa2wNM6vD3ejAGF2JGFcBNIlGGKdNnwJiELR8mq+P\nN7kDTLfmrMQhn3MPKMHUAtKY3PBGIIw9iSwbBkOUg6TLjnKrWFl/NQ1z7RnGYHZW\nBB0UkLgZJwKBgQDW0evulZy63u0KQCN6bd45FffR1o0YeheVvtmKk/0Ss34tMGs4\nNAVluEIoZeGtu7iaHe/7mvNOFmFZsdqwPeXNoTt6FvkoHnqrF5PoSXEoH46vSuqP\nUMZhcJ6Pgb5oMTdo9fT0qVGbGOY/EM6XL/r4xIRggx5EBmmqrLBG3u8BzQKBgQCp\nOnkHSkYQgJZAQu5bWHcHEgKDz7tkyH0X5PeKiL50T2z87pOVvAFDrLoiIvNCqdV4\nQJCroRxYFF7cGvbFBTPQbQSVOnMkqMcyCa2ekYAfWoRDtngl8zCUjyhtk7/RDj2L\nITTSD93/mAlqrf5NfOhfWTFpbhU0CB6u5rTTqUl+eQKBgQCMmXW/hi6S1s8+pw7B\n0Eaafaz0Q27A/Mx2f7lJ648Y+YC4H5ylPTThwtCcFHv6+MQ4yBYBbk5dNlR3DO51\nKM8UYWO/vhk7dUHq0nlS49hISNN3CkQeWi8JmlNljzxVkvWtMRGLfc8qBBBs+jcq\n0kEFTZg66ouTS+3+wPbEtWAdOQ==\n-----END PRIVATE KEY-----\n",
            "public_key_fingerprint_md5": "5a:56:a8:cc:06:3e:c9:db:0e:44:a3:1b:36:41:62:28",
            "public_key_fingerprint_sha256": "SHA256:+eD4vPahc/F+bEwNMUVVYQrn1Rvm7UbKiYfYNSWsTS8",
            "public_key_openssh": "ssh-rsa AAAAB3NzaC1yc2EAAAADAQABAAABAQC9Q08fbCC0HGvErfa4sqh8jVjK1YBslbge1smHTSrMahXAyjgOqrtGTuO73EXFvqeXdaa1HsEYEIBgBXbx6lfXT1+HaDuC+ySe38CDJSKxWjCO3bH3lPpui0B3wIqok6+H7ezWXx+cPFCL7UQ4/zUncNkeVa3NknT2LsbGCK497bsKcIgZIwwXmNpBwBBdoO9+TFUJUsr39gaz0JIwyJhat3VdAcB6mJ51FaOPsg0fp8JBvORwsKhxCEY5WTSR1AIGPL7159jZOibCjoj/8KBC3A2u2Q1LUUL0KxjdYlRiD5eX1wj6TMdJYDef/7u0d8bRFQcR7Rx4qLfLYIjrP2bD\n",
            "public_key_pem": "-----BEGIN PUBLIC KEY-----\nMIIBIjANBgkqhkiG9w0BAQEFAAOCAQ8AMIIBCgKCAQEAvUNPH2wgtBxrxK32uLKo\nfI1YytWAbJW4HtbJh00qzGoVwMo4Dqq7Rk7ju9xFxb6nl3WmtR7BGBCAYAV28epX\n109fh2g7gvsknt/AgyUisVowjt2x95T6botAd8CKqJOvh+3s1l8fnDxQi+1EOP81\nJ3DZHlWtzZJ09i7GxgiuPe27CnCIGSMMF5jaQcAQXaDvfkxVCVLK9/YGs9CSMMiY\nWrd1XQHAepiedRWjj7INH6fCQbzkcLCocQhGOVk0kdQCBjy+9efY2Tomwo6I//Cg\nQtwNrtkNS1FC9CsY3WJUYg+Xl9cI+kzHSWA3n/+7tHfG0RUHEe0ceKi3y2CI6z9m\nwwIDAQAB\n-----END PUBLIC KEY-----\n",
            "rsa_bits": 2048
          },
          "sensitive_attributes": [
            [
              {
                "type": "get_attr",
                "value": "private_key_pem"
              }
            ],
            [
              {
                "type": "get_attr",
                "value": "private_key_openssh"
              }
            ],
            [
              {
                "type": "get_attr",
                "value": "private_key_pem_pkcs8"
              }
            ]
          ]
        }
      ]
    }
  ],
  "check_results": null
}
